
Microsoft Visual Studio Solution File, Format Version 12.00
# Visual Studio Version 18
VisualStudioVersion = 18.5.11605.296 insiders
MinimumVisualStudioVersion = 10.0.40219.1
Project("{FAE04EC0-301F-11D3-BF4B-00C04F79EFBC}") = "Ukebook", "Ukebook.csproj", "{B31D59E5-A572-69EF-416C-3B155C22576A}"
EndProject
Global
	GlobalSection(SolutionConfigurationPlatforms) = preSolution
		Debug|Any CPU = Debug|Any CPU
		Release|Any CPU = Release|Any CPU
	EndGlobalSection
	GlobalSection(ProjectConfigurationPlatforms) = postSolution
		{B31D59E5-A572-69EF-416C-3B155C22576A}.Debug|Any CPU.ActiveCfg = Debug|Any CPU
		{B31D59E5-A572-69EF-416C-3B155C22576A}.Debug|Any CPU.Build.0 = Debug|Any CPU
		{B31D59E5-A572-69EF-416C-3B155C22576A}.Release|Any CPU.ActiveCfg = Release|Any CPU
		{B31D59E5-A572-69EF-416C-3B155C22576A}.Release|Any CPU.Build.0 = Release|Any CPU
	EndGlobalSection
	GlobalSection(SolutionProperties) = preSolution
		HideSolutionNode = FALSE
	EndGlobalSection
	GlobalSection(ExtensibilityGlobals) = postSolution
		SolutionGuid = {86BB124E-A3CD-4453-B4CA-1CE99F81B827}
	EndGlobalSection
EndGlobal
